
Microsoft Visual Studio Solution File, Format Version 12.00
# Visual Studio 15
VisualStudioVersion = 15.0.28010.2046
MinimumVisualStudioVersion = 10.0.40219.1
Project("{FAE04EC0-301F-11D3-BF4B-00C04F79EFBC}") = "BeerRun", "BeerRun\BeerRun.csproj", "{97EBF899-BB1D-4502-B5FD-D6840BEBEB7A}"
EndProject
Global
	GlobalSection(SolutionConfigurationPlatforms) = preSolution
		Debug|Any CPU = Debug|Any CPU
		Release|Any CPU = Release|Any CPU
	EndGlobalSection
	GlobalSection(ProjectConfigurationPlatforms) = postSolution
		{97EBF899-BB1D-4502-B5FD-D6840BEBEB7A}.Debug|Any CPU.ActiveCfg = Debug|Any CPU
		{97EBF899-BB1D-4502-B5FD-D6840BEBEB7A}.Debug|Any CPU.Build.0 = Debug|Any CPU
		{97EBF899-BB1D-4502-B5FD-D6840BEBEB7A}.Release|Any CPU.ActiveCfg = Release|Any CPU
		{97EBF899-BB1D-4502-B5FD-D6840BEBEB7A}.Release|Any CPU.Build.0 = Release|Any CPU
	EndGlobalSection
	GlobalSection(SolutionProperties) = preSolution
		HideSolutionNode = FALSE
	EndGlobalSection
	GlobalSection(ExtensibilityGlobals) = postSolution
		SolutionGuid = {9C26BC51-88B3-4168-BA44-EE181F8936E7}
	EndGlobalSection
EndGlobal
